
Microsoft Visual Studio Solution File, Format Version 12.00
# Visual Studio Version 17
VisualStudioVersion = 17.1.32228.430
MinimumVisualStudioVersion = 10.0.40219.1
Project("{FAE04EC0-301F-11D3-BF4B-00C04F79EFBC}") = "MoodAnalyserProblem", "MoodAnalyserProblem\MoodAnalyserProblem.csproj", "{73BC3EAF-EE04-4896-B587-D35A9563B90F}"
EndProject
Global
	GlobalSection(SolutionConfigurationPlatforms) = preSolution
		Debug|Any CPU = Debug|Any CPU
		Release|Any CPU = Release|Any CPU
	EndGlobalSection
	GlobalSection(ProjectConfigurationPlatforms) = postSolution
		{73BC3EAF-EE04-4896-B587-D35A9563B90F}.Debug|Any CPU.ActiveCfg = Debug|Any CPU
		{73BC3EAF-EE04-4896-B587-D35A9563B90F}.Debug|Any CPU.Build.0 = Debug|Any CPU
		{73BC3EAF-EE04-4896-B587-D35A9563B90F}.Release|Any CPU.ActiveCfg = Release|Any CPU
		{73BC3EAF-EE04-4896-B587-D35A9563B90F}.Release|Any CPU.Build.0 = Release|Any CPU
	EndGlobalSection
	GlobalSection(SolutionProperties) = preSolution
		HideSolutionNode = FALSE
	EndGlobalSection
	GlobalSection(ExtensibilityGlobals) = postSolution
		SolutionGuid = {2E89754F-BAF5-421F-ACD2-912BDEBE42A8}
	EndGlobalSection
EndGlobal
